// !$*UTF8*$!
{
	archiveVersion = 1;
	classes = {
	};
	objectVersion = 46;
	objects = {

/* Begin PBXBuildFile section */
		672433CC1D2ED46B004F9752 /* AppDelegate.swift in Sources */ = {isa = PBXBuildFile; fileRef = 672433CB1D2ED46B004F9752 /* AppDelegate.swift */; };
		672433CE1D2ED46B004F9752 /* ViewController.swift in Sources */ = {isa = PBXBuildFile; fileRef = 672433CD1D2ED46B004F9752 /* ViewController.swift */; };
		672433D11D2ED46B004F9752 /* Main.storyboard in Resources */ = {isa = PBXBuildFile; fileRef = 672433CF1D2ED46B004F9752 /* Main.storyboard */; };
		672433D31D2ED46B004F9752 /* Assets.xcassets in Resources */ = {isa = PBXBuildFile; fileRef = 672433D21D2ED46B004F9752 /* Assets.xcassets */; };
		672433D61D2ED46B004F9752 /* LaunchScreen.storyboard in Resources */ = {isa = PBXBuildFile; fileRef = 672433D41D2ED46B004F9752 /* LaunchScreen.storyboard */; };
		672433DE1D2EDB7C004F9752 /* GridView.swift in Sources */ = {isa = PBXBuildFile; fileRef = 672433DD1D2EDB7C004F9752 /* GridView.swift */; };
/* End PBXBuildFile section */

/* Begin PBXFileReference section */
		672433C81D2ED46B004F9752 /* Assignment3.app */ = {isa = PBXFileReference; explicitFileType = wrapper.application; includeInIndex = 0; path = Assignment3.app; sourceTree = BUILT_PRODUCTS_DIR; };
		672433CB1D2ED46B004F9752 /* AppDelegate.swift */ = {isa = PBXFileReference; lastKnownFileType = sourcecode.swift; path = AppDelegate.swift; sourceTree = "<group>"; };
		672433CD1D2ED46B004F9752 /* ViewController.swift */ = {isa = PBXFileReference; lastKnownFileType = sourcecode.swift; path = ViewController.swift; sourceTree = "<group>"; };
		672433D01D2ED46B004F9752 /* Base */ = {isa = PBXFileReference; lastKnownFileType = file.storyboard; name = Base; path = Base.lproj/Main.storyboard; sourceTree = "<group>"; };
		672433D21D2ED46B004F9752 /* Assets.xcassets */ = {isa = PBXFileReference; lastKnownFileType = folder.assetcatalog; path = Assets.xcassets; sourceTree = "<group>"; };
		672433D51D2ED46B004F9752 /* Base */ = {isa = PBXFileReference; lastKnownFileType = file.storyboard; name = Base; path = Base.lproj/LaunchScreen.storyboard; sourceTree = "<group>"; };
		672433D71D2ED46B004F9752 /* Info.plist */ = {isa = PBXFileReference; lastKnownFileType = text.plist.xml; path = Info.plist; sourceTree = "<group>"; };
		672433DD1D2EDB7C004F9752 /* GridView.swift */ = {isa = PBXFileReference; fileEncoding = 4; lastKnownFileType = sourcecode.swift; path = GridView.swift; sourceTree = "<group>"; };
/* End PBXFileReference section */

/* Begin PBXFrameworksBuildPhase section */
		672433C51D2ED46B004F9752 /* Frameworks */ = {
			isa = PBXFrameworksBuildPhase;
			buildActionMask = 2147483647;
			files = (
			);
			runOnlyForDeploymentPostprocessing = 0;
		};
/* End PBXFrameworksBuildPhase section */

/* Begin PBXGroup section */
		672433BF1D2ED46B004F9752 = {
			isa = PBXGroup;
			children = (
				672433CA1D2ED46B004F9752 /* Assignment3 */,
				672433C91D2ED46B004F9752 /* Products */,
			);
			sourceTree = "<group>";
		};
		672433C91D2ED46B004F9752 /* Products */ = {
			isa = PBXGroup;
			children = (
				672433C81D2ED46B004F9752 /* Assignment3.app */,
			);
			name = Products;
			sourceTree = "<group>";
		};
		672433CA1D2ED46B004F9752 /* Assignment3 */ = {
			isa = PBXGroup;
			children = (
				672433CB1D2ED46B004F9752 /* AppDelegate.swift */,
				672433CD1D2ED46B004F9752 /* ViewController.swift */,
				672433DD1D2EDB7C004F9752 /* GridView.swift */,
				672433CF1D2ED46B004F9752 /* Main.storyboard */,
				672433D21D2ED46B004F9752 /* Assets.xcassets */,
				672433D41D2ED46B004F9752 /* LaunchScreen.storyboard */,
				672433D71D2ED46B004F9752 /* Info.plist */,
			);
			path = Assignment3;
			sourceTree = "<group>";
		};
/* End PBXGroup section */

/* Begin PBXNativeTarget section */
		672433C71D2ED46B004F9752 /* Assignment3 */ = {
			isa = PBXNativeTarget;
			buildConfigurationList = 672433DA1D2ED46B004F9752 /* Build configuration list for PBXNativeTarget "Assignment3" */;
			buildPhases = (
				672433C41D2ED46B004F9752 /* Sources */,
				672433C51D2ED46B004F9752 /* Frameworks */,
				672433C61D2ED46B004F9752 /* Resources */,
			);
			buildRules = (
			);
			dependencies = (
			);
			name = Assignment3;
			productName = Assignment3;
			productReference = 672433C81D2ED46B004F9752 /* Assignment3.app */;
			productType = "com.apple.product-type.application";
		};
/* End PBXNativeTarget section */

/* Begin PBXProject section */
		672433C01D2ED46B004F9752 /* Project object */ = {
			isa = PBXProject;
			attributes = {
				LastSwiftUpdateCheck = 0730;
				LastUpgradeCheck = 0730;
				ORGANIZATIONNAME = Squad;
				TargetAttributes = {
					672433C71D2ED46B004F9752 = {
						CreatedOnToolsVersion = 7.3;
						DevelopmentTeam = ZP3NDX86SJ;
					};
				};
			};
			buildConfigurationList = 672433C31D2ED46B004F9752 /* Build configuration list for PBXProject "Assignment3" */;
			compatibilityVersion = "Xcode 3.2";
			developmentRegion = English;
			hasScannedForEncodings = 0;
			knownRegions = (
				en,
				Base,
			);
			mainGroup = 672433BF1D2ED46B004F9752;
			productRefGroup = 672433C91D2ED46B004F9752 /* Products */;
			projectDirPath = "";
			projectRoot = "";
			targets = (
				672433C71D2ED46B004F9752 /* Assignment3 */,
			);
		};
/* End PBXProject section */

/* Begin PBXResourcesBuildPhase section */
		672433C61D2ED46B004F9752 /* Resources */ = {
			isa = PBXResourcesBuildPhase;
			buildActionMask = 2147483647;
			files = (
				672433D61D2ED46B004F9752 /* LaunchScreen.storyboard in Resources */,
				672433D31D2ED46B004F9752 /* Assets.xcassets in Resources */,
				672433D11D2ED46B004F9752 /* Main.storyboard in Resources */,
			);
			runOnlyForDeploymentPostprocessing = 0;
		};
/* End PBXResourcesBuildPhase section */

/* Begin PBXSourcesBuildPhase section */
		672433C41D2ED46B004F9752 /* Sources */ = {
			isa = PBXSourcesBuildPhase;
			buildActionMask = 2147483647;
			files = (
				672433CE1D2ED46B004F9752 /* ViewController.swift in Sources */,
				672433DE1D2EDB7C004F9752 /* GridView.swift in Sources */,
				672433CC1D2ED46B004F9752 /* AppDelegate.swift in Sources */,
			);
			runOnlyForDeploymentPostprocessing = 0;
		};
/* End PBXSourcesBuildPhase section */

/* Begin PBXVariantGroup section */
		672433CF1D2ED46B004F9752 /* Main.storyboard */ = {
			isa = PBXVariantGroup;
			children = (
				672433D01D2ED46B004F9752 /* Base */,
			);
			name = Main.storyboard;
			sourceTree = "<group>";
		};
		672433D41D2ED46B004F9752 /* LaunchScreen.storyboard */ = {
			isa = PBXVariantGroup;
			children = (
				672433D51D2ED46B004F9752 /* Base */,
			);
			name = LaunchScreen.storyboard;
			sourceTree = "<group>";
		};
/* End PBXVariantGroup section */

/* Begin XCBuildConfiguration section */
		672433D81D2ED46B004F9752 /* Debug */ = {
			isa = XCBuildConfiguration;
			buildSettings = {
				ALWAYS_SEARCH_USER_PATHS = NO;
				CLANG_ANALYZER_NONNULL = YES;
				CLANG_CXX_LANGUAGE_STANDARD = "gnu++0x";
				CLANG_CXX_LIBRARY = "libc++";
				CLANG_ENABLE_MODULES = YES;
				CLANG_ENABLE_OBJC_ARC = YES;
				CLANG_WARN_BOOL_CONVERSION = YES;
				CLANG_WARN_CONSTANT_CONVERSION = YES;
				CLANG_WARN_DIRECT_OBJC_ISA_USAGE = YES_ERROR;
				CLANG_WARN_EMPTY_BODY = YES;
				CLANG_WARN_ENUM_CONVERSION = YES;
				CLANG_WARN_INT_CONVERSION = YES;
				CLANG_WARN_OBJC_ROOT_CLASS = YES_ERROR;
				CLANG_WARN_UNREACHABLE_CODE = YES;
				CLANG_WARN__DUPLICATE_METHOD_MATCH = YES;
				"CODE_SIGN_IDENTITY[sdk=iphoneos*]" = "iPhone Developer";
				COPY_PHASE_STRIP = NO;
				DEBUG_INFORMATION_FORMAT = dwarf;
				ENABLE_STRICT_OBJC_MSGSEND = YES;
				ENABLE_TESTABILITY = YES;
				GCC_C_LANGUAGE_STANDARD = gnu99;
				GCC_DYNAMIC_NO_PIC = NO;
				GCC_NO_COMMON_BLOCKS = YES;
				GCC_OPTIMIZATION_LEVEL = 0;
				GCC_PREPROCESSOR_DEFINITIONS = (
					"DEBUG=1",
					"$(inherited)",
				);
				GCC_WARN_64_TO_32_BIT_CONVERSION = YES;
				GCC_WARN_ABOUT_RETURN_TYPE = YES_ERROR;
				GCC_WARN_UNDECLARED_SELECTOR = YES;
				GCC_WARN_UNINITIALIZED_AUTOS = YES_AGGRESSIVE;
				GCC_WARN_UNUSED_FUNCTION = YES;
				GCC_WARN_UNUSED_VARIABLE = YES;
				IPHONEOS_DEPLOYMENT_TARGET = 9.3;
				MTL_ENABLE_DEBUG_INFO = YES;
				ONLY_ACTIVE_ARCH = YES;
				SDKROOT = iphoneos;
				SWIFT_OPTIMIZATION_LEVEL = "-Onone";
				TARGETED_DEVICE_FAMILY = "1,2";
			};
			name = Debug;
		};
		672433D91D2ED46B004F9752 /* Release */ = {
			isa = XCBuildConfiguration;
			buildSettings = {
				ALWAYS_SEARCH_USER_PATHS = NO;
				CLANG_ANALYZER_NONNULL = YES;
				CLANG_CXX_LANGUAGE_STANDARD = "gnu++0x";
				CLANG_CXX_LIBRARY = "libc++";
				CLANG_ENABLE_MODULES = YES;
				CLANG_ENABLE_OBJC_ARC = YES;
				CLANG_WARN_BOOL_CONVERSION = YES;
				CLANG_WARN_CONSTANT_CONVERSION = YES;
				CLANG_WARN_DIRECT_OBJC_ISA_USAGE = YES_ERROR;
				CLANG_WARN_EMPTY_BODY = YES;
				CLANG_WARN_ENUM_CONVERSION = YES;
				CLANG_WARN_INT_CONVERSION = YES;
				CLANG_WARN_OBJC_ROOT_CLASS = YES_ERROR;
				CLANG_WARN_UNREACHABLE_CODE = YES;
				CLANG_WARN__DUPLICATE_METHOD_MATCH = YES;
				"CODE_SIGN_IDENTITY[sdk=iphoneos*]" = "iPhone Developer";
				COPY_PHASE_STRIP = NO;
				DEBUG_INFORMATION_FORMAT = "dwarf-with-dsym";
				ENABLE_NS_ASSERTIONS = NO;
				ENABLE_STRICT_OBJC_MSGSEND = YES;
				GCC_C_LANGUAGE_STANDARD = gnu99;
				GCC_NO_COMMON_BLOCKS = YES;
				GCC_WARN_64_TO_32_BIT_CONVERSION = YES;
				GCC_WARN_ABOUT_RETURN_TYPE = YES_ERROR;
				GCC_WARN_UNDECLARED_SELECTOR = YES;
				GCC_WARN_UNINITIALIZED_AUTOS = YES_AGGRESSIVE;
				GCC_WARN_UNUSED_FUNCTION = YES;
				GCC_WARN_UNUSED_VARIABLE = YES;
				IPHONEOS_DEPLOYMENT_TARGET = 9.3;
				MTL_ENABLE_DEBUG_INFO = NO;
				SDKROOT = iphoneos;
				TARGETED_DEVICE_FAMILY = "1,2";
				VALIDATE_PRODUCT = YES;
			};
			name = Release;
		};
		672433DB1D2ED46B004F9752 /* Debug */ = {
			isa = XCBuildConfiguration;
			buildSettings = {
				ASSETCATALOG_COMPILER_APPICON_NAME = AppIcon;
				CODE_SIGN_IDENTITY = "iPhone Developer";
				"CODE_SIGN_IDENTITY[sdk=iphoneos*]" = "iPhone Developer";
				INFOPLIST_FILE = Assignment3/Info.plist;
				LD_RUNPATH_SEARCH_PATHS = "$(inherited) @executable_path/Frameworks";
				PRODUCT_BUNDLE_IDENTIFIER = com.Squad.Assignment3;
				PRODUCT_NAME = "$(TARGET_NAME)";
				PROVISIONING_PROFILE = "";
			};
			name = Debug;
		};
		672433DC1D2ED46B004F9752 /* Release */ = {
			isa = XCBuildConfiguration;
			buildSettings = {
				ASSETCATALOG_COMPILER_APPICON_NAME = AppIcon;
				CODE_SIGN_IDENTITY = "iPhone Developer";
				"CODE_SIGN_IDENTITY[sdk=iphoneos*]" = "iPhone Developer";
				INFOPLIST_FILE = Assignment3/Info.plist;
				LD_RUNPATH_SEARCH_PATHS = "$(inherited) @executable_path/Frameworks";
				PRODUCT_BUNDLE_IDENTIFIER = com.Squad.Assignment3;
				PRODUCT_NAME = "$(TARGET_NAME)";
				PROVISIONING_PROFILE = "";
			};
			name = Release;
		};
/* End XCBuildConfiguration section */

/* Begin XCConfigurationList section */
		672433C31D2ED46B004F9752 /* Build configuration list for PBXProject "Assignment3" */ = {
			isa = XCConfigurationList;
			buildConfigurations = (
				672433D81D2ED46B004F9752 /* Debug */,
				672433D91D2ED46B004F9752 /* Release */,
			);
			defaultConfigurationIsVisible = 0;
			defaultConfigurationName = Release;
		};
		672433DA1D2ED46B004F9752 /* Build configuration list for PBXNativeTarget "Assignment3" */ = {
			isa = XCConfigurationList;
			buildConfigurations = (
				672433DB1D2ED46B004F9752 /* Debug */,
				672433DC1D2ED46B004F9752 /* Release */,
			);
			defaultConfigurationIsVisible = 0;
			defaultConfigurationName = Release;
		};
/* End XCConfigurationList section */
	};
	rootObject = 672433C01D2ED46B004F9752 /* Project object */;
}
