// !$*UTF8*$!
{
	archiveVersion = 1;
	classes = {
	};
	objectVersion = 46;
	objects = {

/* Begin PBXBuildFile section */
		B4424F581D2DB7DC0057E374 /* AppDelegate.swift in Sources */ = {isa = PBXBuildFile; fileRef = B4424F571D2DB7DC0057E374 /* AppDelegate.swift */; };
		B4424F5A1D2DB7DC0057E374 /* ViewController.swift in Sources */ = {isa = PBXBuildFile; fileRef = B4424F591D2DB7DC0057E374 /* ViewController.swift */; };
		B4424F5D1D2DB7DC0057E374 /* Main.storyboard in Resources */ = {isa = PBXBuildFile; fileRef = B4424F5B1D2DB7DC0057E374 /* Main.storyboard */; };
		B4424F5F1D2DB7DC0057E374 /* Assets.xcassets in Resources */ = {isa = PBXBuildFile; fileRef = B4424F5E1D2DB7DC0057E374 /* Assets.xcassets */; };
		B4424F621D2DB7DC0057E374 /* LaunchScreen.storyboard in Resources */ = {isa = PBXBuildFile; fileRef = B4424F601D2DB7DC0057E374 /* LaunchScreen.storyboard */; };
		B4424F6A1D2DB8660057E374 /* PushButtonView.swift in Sources */ = {isa = PBXBuildFile; fileRef = B4424F691D2DB8660057E374 /* PushButtonView.swift */; };
/* End PBXBuildFile section */

/* Begin PBXFileReference section */
		B4424F541D2DB7DC0057E374 /* TryingOutGraphics.app */ = {isa = PBXFileReference; explicitFileType = wrapper.application; includeInIndex = 0; path = TryingOutGraphics.app; sourceTree = BUILT_PRODUCTS_DIR; };
		B4424F571D2DB7DC0057E374 /* AppDelegate.swift */ = {isa = PBXFileReference; lastKnownFileType = sourcecode.swift; path = AppDelegate.swift; sourceTree = "<group>"; };
		B4424F591D2DB7DC0057E374 /* ViewController.swift */ = {isa = PBXFileReference; lastKnownFileType = sourcecode.swift; path = ViewController.swift; sourceTree = "<group>"; };
		B4424F5C1D2DB7DC0057E374 /* Base */ = {isa = PBXFileReference; lastKnownFileType = file.storyboard; name = Base; path = Base.lproj/Main.storyboard; sourceTree = "<group>"; };
		B4424F5E1D2DB7DC0057E374 /* Assets.xcassets */ = {isa = PBXFileReference; lastKnownFileType = folder.assetcatalog; path = Assets.xcassets; sourceTree = "<group>"; };
		B4424F611D2DB7DC0057E374 /* Base */ = {isa = PBXFileReference; lastKnownFileType = file.storyboard; name = Base; path = Base.lproj/LaunchScreen.storyboard; sourceTree = "<group>"; };
		B4424F631D2DB7DC0057E374 /* Info.plist */ = {isa = PBXFileReference; lastKnownFileType = text.plist.xml; path = Info.plist; sourceTree = "<group>"; };
		B4424F691D2DB8660057E374 /* PushButtonView.swift */ = {isa = PBXFileReference; fileEncoding = 4; lastKnownFileType = sourcecode.swift; name = PushButtonView.swift; path = ../PushButtonView.swift; sourceTree = "<group>"; };
/* End PBXFileReference section */

/* Begin PBXFrameworksBuildPhase section */
		B4424F511D2DB7DB0057E374 /* Frameworks */ = {
			isa = PBXFrameworksBuildPhase;
			buildActionMask = 2147483647;
			files = (
			);
			runOnlyForDeploymentPostprocessing = 0;
		};
/* End PBXFrameworksBuildPhase section */

/* Begin PBXGroup section */
		B4424F4B1D2DB7DB0057E374 = {
			isa = PBXGroup;
			children = (
				B4424F561D2DB7DC0057E374 /* TryingOutGraphics */,
				B4424F551D2DB7DC0057E374 /* Products */,
			);
			sourceTree = "<group>";
		};
		B4424F551D2DB7DC0057E374 /* Products */ = {
			isa = PBXGroup;
			children = (
				B4424F541D2DB7DC0057E374 /* TryingOutGraphics.app */,
			);
			name = Products;
			sourceTree = "<group>";
		};
		B4424F561D2DB7DC0057E374 /* TryingOutGraphics */ = {
			isa = PBXGroup;
			children = (
				B4424F571D2DB7DC0057E374 /* AppDelegate.swift */,
				B4424F591D2DB7DC0057E374 /* ViewController.swift */,
				B4424F691D2DB8660057E374 /* PushButtonView.swift */,
				B4424F5B1D2DB7DC0057E374 /* Main.storyboard */,
				B4424F5E1D2DB7DC0057E374 /* Assets.xcassets */,
				B4424F601D2DB7DC0057E374 /* LaunchScreen.storyboard */,
				B4424F631D2DB7DC0057E374 /* Info.plist */,
			);
			path = TryingOutGraphics;
			sourceTree = "<group>";
		};
/* End PBXGroup section */

/* Begin PBXNativeTarget section */
		B4424F531D2DB7DB0057E374 /* TryingOutGraphics */ = {
			isa = PBXNativeTarget;
			buildConfigurationList = B4424F661D2DB7DC0057E374 /* Build configuration list for PBXNativeTarget "TryingOutGraphics" */;
			buildPhases = (
				B4424F501D2DB7DB0057E374 /* Sources */,
				B4424F511D2DB7DB0057E374 /* Frameworks */,
				B4424F521D2DB7DB0057E374 /* Resources */,
			);
			buildRules = (
			);
			dependencies = (
			);
			name = TryingOutGraphics;
			productName = TryingOutGraphics;
			productReference = B4424F541D2DB7DC0057E374 /* TryingOutGraphics.app */;
			productType = "com.apple.product-type.application";
		};
/* End PBXNativeTarget section */

/* Begin PBXProject section */
		B4424F4C1D2DB7DB0057E374 /* Project object */ = {
			isa = PBXProject;
			attributes = {
				LastSwiftUpdateCheck = 0730;
				LastUpgradeCheck = 0730;
				ORGANIZATIONNAME = "Sam Brause";
				TargetAttributes = {
					B4424F531D2DB7DB0057E374 = {
						CreatedOnToolsVersion = 7.3.1;
						DevelopmentTeam = ZP3NDX86SJ;
					};
				};
			};
			buildConfigurationList = B4424F4F1D2DB7DB0057E374 /* Build configuration list for PBXProject "TryingOutGraphics" */;
			compatibilityVersion = "Xcode 3.2";
			developmentRegion = English;
			hasScannedForEncodings = 0;
			knownRegions = (
				en,
				Base,
			);
			mainGroup = B4424F4B1D2DB7DB0057E374;
			productRefGroup = B4424F551D2DB7DC0057E374 /* Products */;
			projectDirPath = "";
			projectRoot = "";
			targets = (
				B4424F531D2DB7DB0057E374 /* TryingOutGraphics */,
			);
		};
/* End PBXProject section */

/* Begin PBXResourcesBuildPhase section */
		B4424F521D2DB7DB0057E374 /* Resources */ = {
			isa = PBXResourcesBuildPhase;
			buildActionMask = 2147483647;
			files = (
				B4424F621D2DB7DC0057E374 /* LaunchScreen.storyboard in Resources */,
				B4424F5F1D2DB7DC0057E374 /* Assets.xcassets in Resources */,
				B4424F5D1D2DB7DC0057E374 /* Main.storyboard in Resources */,
			);
			runOnlyForDeploymentPostprocessing = 0;
		};
/* End PBXResourcesBuildPhase section */

/* Begin PBXSourcesBuildPhase section */
		B4424F501D2DB7DB0057E374 /* Sources */ = {
			isa = PBXSourcesBuildPhase;
			buildActionMask = 2147483647;
			files = (
				B4424F5A1D2DB7DC0057E374 /* ViewController.swift in Sources */,
				B4424F6A1D2DB8660057E374 /* PushButtonView.swift in Sources */,
				B4424F581D2DB7DC0057E374 /* AppDelegate.swift in Sources */,
			);
			runOnlyForDeploymentPostprocessing = 0;
		};
/* End PBXSourcesBuildPhase section */

/* Begin PBXVariantGroup section */
		B4424F5B1D2DB7DC0057E374 /* Main.storyboard */ = {
			isa = PBXVariantGroup;
			children = (
				B4424F5C1D2DB7DC0057E374 /* Base */,
			);
			name = Main.storyboard;
			sourceTree = "<group>";
		};
		B4424F601D2DB7DC0057E374 /* LaunchScreen.storyboard */ = {
			isa = PBXVariantGroup;
			children = (
				B4424F611D2DB7DC0057E374 /* Base */,
			);
			name = LaunchScreen.storyboard;
			sourceTree = "<group>";
		};
/* End PBXVariantGroup section */

/* Begin XCBuildConfiguration section */
		B4424F641D2DB7DC0057E374 /* Debug */ = {
			isa = XCBuildConfiguration;
			buildSettings = {
				ALWAYS_SEARCH_USER_PATHS = NO;
				CLANG_ANALYZER_NONNULL = YES;
				CLANG_CXX_LANGUAGE_STANDARD = "gnu++0x";
				CLANG_CXX_LIBRARY = "libc++";
				CLANG_ENABLE_MODULES = YES;
				CLANG_ENABLE_OBJC_ARC = YES;
				CLANG_WARN_BOOL_CONVERSION = YES;
				CLANG_WARN_CONSTANT_CONVERSION = YES;
				CLANG_WARN_DIRECT_OBJC_ISA_USAGE = YES_ERROR;
				CLANG_WARN_EMPTY_BODY = YES;
				CLANG_WARN_ENUM_CONVERSION = YES;
				CLANG_WARN_INT_CONVERSION = YES;
				CLANG_WARN_OBJC_ROOT_CLASS = YES_ERROR;
				CLANG_WARN_UNREACHABLE_CODE = YES;
				CLANG_WARN__DUPLICATE_METHOD_MATCH = YES;
				"CODE_SIGN_IDENTITY[sdk=iphoneos*]" = "iPhone Developer";
				COPY_PHASE_STRIP = NO;
				DEBUG_INFORMATION_FORMAT = dwarf;
				ENABLE_STRICT_OBJC_MSGSEND = YES;
				ENABLE_TESTABILITY = YES;
				GCC_C_LANGUAGE_STANDARD = gnu99;
				GCC_DYNAMIC_NO_PIC = NO;
				GCC_NO_COMMON_BLOCKS = YES;
				GCC_OPTIMIZATION_LEVEL = 0;
				GCC_PREPROCESSOR_DEFINITIONS = (
					"DEBUG=1",
					"$(inherited)",
				);
				GCC_WARN_64_TO_32_BIT_CONVERSION = YES;
				GCC_WARN_ABOUT_RETURN_TYPE = YES_ERROR;
				GCC_WARN_UNDECLARED_SELECTOR = YES;
				GCC_WARN_UNINITIALIZED_AUTOS = YES_AGGRESSIVE;
				GCC_WARN_UNUSED_FUNCTION = YES;
				GCC_WARN_UNUSED_VARIABLE = YES;
				IPHONEOS_DEPLOYMENT_TARGET = 9.3;
				MTL_ENABLE_DEBUG_INFO = YES;
				ONLY_ACTIVE_ARCH = YES;
				SDKROOT = iphoneos;
				SWIFT_OPTIMIZATION_LEVEL = "-Onone";
				TARGETED_DEVICE_FAMILY = "1,2";
			};
			name = Debug;
		};
		B4424F651D2DB7DC0057E374 /* Release */ = {
			isa = XCBuildConfiguration;
			buildSettings = {
				ALWAYS_SEARCH_USER_PATHS = NO;
				CLANG_ANALYZER_NONNULL = YES;
				CLANG_CXX_LANGUAGE_STANDARD = "gnu++0x";
				CLANG_CXX_LIBRARY = "libc++";
				CLANG_ENABLE_MODULES = YES;
				CLANG_ENABLE_OBJC_ARC = YES;
				CLANG_WARN_BOOL_CONVERSION = YES;
				CLANG_WARN_CONSTANT_CONVERSION = YES;
				CLANG_WARN_DIRECT_OBJC_ISA_USAGE = YES_ERROR;
				CLANG_WARN_EMPTY_BODY = YES;
				CLANG_WARN_ENUM_CONVERSION = YES;
				CLANG_WARN_INT_CONVERSION = YES;
				CLANG_WARN_OBJC_ROOT_CLASS = YES_ERROR;
				CLANG_WARN_UNREACHABLE_CODE = YES;
				CLANG_WARN__DUPLICATE_METHOD_MATCH = YES;
				"CODE_SIGN_IDENTITY[sdk=iphoneos*]" = "iPhone Developer";
				COPY_PHASE_STRIP = NO;
				DEBUG_INFORMATION_FORMAT = "dwarf-with-dsym";
				ENABLE_NS_ASSERTIONS = NO;
				ENABLE_STRICT_OBJC_MSGSEND = YES;
				GCC_C_LANGUAGE_STANDARD = gnu99;
				GCC_NO_COMMON_BLOCKS = YES;
				GCC_WARN_64_TO_32_BIT_CONVERSION = YES;
				GCC_WARN_ABOUT_RETURN_TYPE = YES_ERROR;
				GCC_WARN_UNDECLARED_SELECTOR = YES;
				GCC_WARN_UNINITIALIZED_AUTOS = YES_AGGRESSIVE;
				GCC_WARN_UNUSED_FUNCTION = YES;
				GCC_WARN_UNUSED_VARIABLE = YES;
				IPHONEOS_DEPLOYMENT_TARGET = 9.3;
				MTL_ENABLE_DEBUG_INFO = NO;
				SDKROOT = iphoneos;
				TARGETED_DEVICE_FAMILY = "1,2";
				VALIDATE_PRODUCT = YES;
			};
			name = Release;
		};
		B4424F671D2DB7DC0057E374 /* Debug */ = {
			isa = XCBuildConfiguration;
			buildSettings = {
				ASSETCATALOG_COMPILER_APPICON_NAME = AppIcon;
				INFOPLIST_FILE = TryingOutGraphics/Info.plist;
				LD_RUNPATH_SEARCH_PATHS = "$(inherited) @executable_path/Frameworks";
				PRODUCT_BUNDLE_IDENTIFIER = Brause.TryingOutGraphics;
				PRODUCT_NAME = "$(TARGET_NAME)";
			};
			name = Debug;
		};
		B4424F681D2DB7DC0057E374 /* Release */ = {
			isa = XCBuildConfiguration;
			buildSettings = {
				ASSETCATALOG_COMPILER_APPICON_NAME = AppIcon;
				INFOPLIST_FILE = TryingOutGraphics/Info.plist;
				LD_RUNPATH_SEARCH_PATHS = "$(inherited) @executable_path/Frameworks";
				PRODUCT_BUNDLE_IDENTIFIER = Brause.TryingOutGraphics;
				PRODUCT_NAME = "$(TARGET_NAME)";
			};
			name = Release;
		};
/* End XCBuildConfiguration section */

/* Begin XCConfigurationList section */
		B4424F4F1D2DB7DB0057E374 /* Build configuration list for PBXProject "TryingOutGraphics" */ = {
			isa = XCConfigurationList;
			buildConfigurations = (
				B4424F641D2DB7DC0057E374 /* Debug */,
				B4424F651D2DB7DC0057E374 /* Release */,
			);
			defaultConfigurationIsVisible = 0;
			defaultConfigurationName = Release;
		};
		B4424F661D2DB7DC0057E374 /* Build configuration list for PBXNativeTarget "TryingOutGraphics" */ = {
			isa = XCConfigurationList;
			buildConfigurations = (
				B4424F671D2DB7DC0057E374 /* Debug */,
				B4424F681D2DB7DC0057E374 /* Release */,
			);
			defaultConfigurationIsVisible = 0;
		};
/* End XCConfigurationList section */
	};
	rootObject = B4424F4C1D2DB7DB0057E374 /* Project object */;
}
