// !$*UTF8*$!
{
	archiveVersion = 1;
	classes = {
	};
	objectVersion = 46;
	objects = {

/* Begin PBXBuildFile section */
		B447F90F1D4C16B600A70B42 /* AppDelegate.swift in Sources */ = {isa = PBXBuildFile; fileRef = B447F90E1D4C16B600A70B42 /* AppDelegate.swift */; };
		B447F9111D4C16B600A70B42 /* InstrumentationViewController.swift in Sources */ = {isa = PBXBuildFile; fileRef = B447F9101D4C16B600A70B42 /* InstrumentationViewController.swift */; };
		B447F9131D4C16B600A70B42 /* SimulationViewController.swift in Sources */ = {isa = PBXBuildFile; fileRef = B447F9121D4C16B600A70B42 /* SimulationViewController.swift */; };
		B447F9181D4C16B600A70B42 /* Assets.xcassets in Resources */ = {isa = PBXBuildFile; fileRef = B447F9171D4C16B600A70B42 /* Assets.xcassets */; };
		B447F91B1D4C16B600A70B42 /* LaunchScreen.storyboard in Resources */ = {isa = PBXBuildFile; fileRef = B447F9191D4C16B600A70B42 /* LaunchScreen.storyboard */; };
		B447F9231D4C20B000A70B42 /* Fetcher.swift in Sources */ = {isa = PBXBuildFile; fileRef = B447F9221D4C20B000A70B42 /* Fetcher.swift */; };
		B447F9251D4C215600A70B42 /* StatisticsViewController.swift in Sources */ = {isa = PBXBuildFile; fileRef = B447F9241D4C215600A70B42 /* StatisticsViewController.swift */; };
		B447F9271D4CF01D00A70B42 /* GridView.swift in Sources */ = {isa = PBXBuildFile; fileRef = B447F9261D4CF01D00A70B42 /* GridView.swift */; };
		B447F9291D4CF07200A70B42 /* GridProtocol.swift in Sources */ = {isa = PBXBuildFile; fileRef = B447F9281D4CF07200A70B42 /* GridProtocol.swift */; };
		B447F92B1D4CF08D00A70B42 /* Engine.swift in Sources */ = {isa = PBXBuildFile; fileRef = B447F92A1D4CF08D00A70B42 /* Engine.swift */; };
		B447F92F1D4D109500A70B42 /* PongViewController.swift in Sources */ = {isa = PBXBuildFile; fileRef = B447F92E1D4D109500A70B42 /* PongViewController.swift */; };
		B46A6CBF1D513EC6006C93F9 /* WebViewController.swift in Sources */ = {isa = PBXBuildFile; fileRef = B46A6CBE1D513EC6006C93F9 /* WebViewController.swift */; };
		B48AFAF01D4FE7BB00473AE3 /* ConfigurationViewController.swift in Sources */ = {isa = PBXBuildFile; fileRef = B48AFAEF1D4FE7BB00473AE3 /* ConfigurationViewController.swift */; };
		B48AFAF21D4FE8E200473AE3 /* EditViewController.swift in Sources */ = {isa = PBXBuildFile; fileRef = B48AFAF11D4FE8E200473AE3 /* EditViewController.swift */; };
		B48AFAF41D5012E200473AE3 /* ConfigurationEditorViewController.swift in Sources */ = {isa = PBXBuildFile; fileRef = B48AFAF31D5012E200473AE3 /* ConfigurationEditorViewController.swift */; };
		B49E30C91D510F070070483F /* Main.storyboard in Resources */ = {isa = PBXBuildFile; fileRef = B49E30C71D510F070070483F /* Main.storyboard */; };
/* End PBXBuildFile section */

/* Begin PBXFileReference section */
		B447F90B1D4C16B600A70B42 /* FinalProject.app */ = {isa = PBXFileReference; explicitFileType = wrapper.application; includeInIndex = 0; path = FinalProject.app; sourceTree = BUILT_PRODUCTS_DIR; };
		B447F90E1D4C16B600A70B42 /* AppDelegate.swift */ = {isa = PBXFileReference; lastKnownFileType = sourcecode.swift; path = AppDelegate.swift; sourceTree = "<group>"; };
		B447F9101D4C16B600A70B42 /* InstrumentationViewController.swift */ = {isa = PBXFileReference; lastKnownFileType = sourcecode.swift; path = InstrumentationViewController.swift; sourceTree = "<group>"; };
		B447F9121D4C16B600A70B42 /* SimulationViewController.swift */ = {isa = PBXFileReference; lastKnownFileType = sourcecode.swift; path = SimulationViewController.swift; sourceTree = "<group>"; };
		B447F9171D4C16B600A70B42 /* Assets.xcassets */ = {isa = PBXFileReference; lastKnownFileType = folder.assetcatalog; path = Assets.xcassets; sourceTree = "<group>"; };
		B447F91A1D4C16B600A70B42 /* Base */ = {isa = PBXFileReference; lastKnownFileType = file.storyboard; name = Base; path = Base.lproj/LaunchScreen.storyboard; sourceTree = "<group>"; };
		B447F91C1D4C16B600A70B42 /* Info.plist */ = {isa = PBXFileReference; lastKnownFileType = text.plist.xml; path = Info.plist; sourceTree = "<group>"; };
		B447F9221D4C20B000A70B42 /* Fetcher.swift */ = {isa = PBXFileReference; fileEncoding = 4; lastKnownFileType = sourcecode.swift; path = Fetcher.swift; sourceTree = "<group>"; };
		B447F9241D4C215600A70B42 /* StatisticsViewController.swift */ = {isa = PBXFileReference; fileEncoding = 4; lastKnownFileType = sourcecode.swift; path = StatisticsViewController.swift; sourceTree = "<group>"; };
		B447F9261D4CF01D00A70B42 /* GridView.swift */ = {isa = PBXFileReference; fileEncoding = 4; lastKnownFileType = sourcecode.swift; path = GridView.swift; sourceTree = "<group>"; };
		B447F9281D4CF07200A70B42 /* GridProtocol.swift */ = {isa = PBXFileReference; fileEncoding = 4; lastKnownFileType = sourcecode.swift; path = GridProtocol.swift; sourceTree = "<group>"; };
		B447F92A1D4CF08D00A70B42 /* Engine.swift */ = {isa = PBXFileReference; fileEncoding = 4; lastKnownFileType = sourcecode.swift; path = Engine.swift; sourceTree = "<group>"; };
		B447F92E1D4D109500A70B42 /* PongViewController.swift */ = {isa = PBXFileReference; fileEncoding = 4; lastKnownFileType = sourcecode.swift; path = PongViewController.swift; sourceTree = "<group>"; };
		B46A6CBE1D513EC6006C93F9 /* WebViewController.swift */ = {isa = PBXFileReference; fileEncoding = 4; lastKnownFileType = sourcecode.swift; path = WebViewController.swift; sourceTree = "<group>"; };
		B48AFAEF1D4FE7BB00473AE3 /* ConfigurationViewController.swift */ = {isa = PBXFileReference; fileEncoding = 4; lastKnownFileType = sourcecode.swift; path = ConfigurationViewController.swift; sourceTree = "<group>"; };
		B48AFAF11D4FE8E200473AE3 /* EditViewController.swift */ = {isa = PBXFileReference; fileEncoding = 4; lastKnownFileType = sourcecode.swift; name = EditViewController.swift; path = ../EditViewController.swift; sourceTree = "<group>"; };
		B48AFAF31D5012E200473AE3 /* ConfigurationEditorViewController.swift */ = {isa = PBXFileReference; fileEncoding = 4; lastKnownFileType = sourcecode.swift; path = ConfigurationEditorViewController.swift; sourceTree = "<group>"; };
		B49E30C81D510F070070483F /* Base */ = {isa = PBXFileReference; lastKnownFileType = file.storyboard; name = Base; path = Base.lproj/Main.storyboard; sourceTree = "<group>"; };
/* End PBXFileReference section */

/* Begin PBXFrameworksBuildPhase section */
		B447F9081D4C16B600A70B42 /* Frameworks */ = {
			isa = PBXFrameworksBuildPhase;
			buildActionMask = 2147483647;
			files = (
			);
			runOnlyForDeploymentPostprocessing = 0;
		};
/* End PBXFrameworksBuildPhase section */

/* Begin PBXGroup section */
		B447F9021D4C16B600A70B42 = {
			isa = PBXGroup;
			children = (
				B447F90D1D4C16B600A70B42 /* FinalProject */,
			);
			sourceTree = "<group>";
		};
		B447F90C1D4C16B600A70B42 /* Products */ = {
			isa = PBXGroup;
			children = (
				B447F90B1D4C16B600A70B42 /* FinalProject.app */,
			);
			name = Products;
			path = ..;
			sourceTree = "<group>";
		};
		B447F90D1D4C16B600A70B42 /* FinalProject */ = {
			isa = PBXGroup;
			children = (
				B447F90E1D4C16B600A70B42 /* AppDelegate.swift */,
				B447F9101D4C16B600A70B42 /* InstrumentationViewController.swift */,
				B447F9121D4C16B600A70B42 /* SimulationViewController.swift */,
				B447F9241D4C215600A70B42 /* StatisticsViewController.swift */,
				B48AFAEF1D4FE7BB00473AE3 /* ConfigurationViewController.swift */,
				B48AFAF31D5012E200473AE3 /* ConfigurationEditorViewController.swift */,
				B447F9221D4C20B000A70B42 /* Fetcher.swift */,
				B447F9261D4CF01D00A70B42 /* GridView.swift */,
				B447F92A1D4CF08D00A70B42 /* Engine.swift */,
				B447F9281D4CF07200A70B42 /* GridProtocol.swift */,
				B48AFAF11D4FE8E200473AE3 /* EditViewController.swift */,
				B447F92E1D4D109500A70B42 /* PongViewController.swift */,
				B46A6CBE1D513EC6006C93F9 /* WebViewController.swift */,
				B49E30C71D510F070070483F /* Main.storyboard */,
				B447F9191D4C16B600A70B42 /* LaunchScreen.storyboard */,
				B447F9171D4C16B600A70B42 /* Assets.xcassets */,
				B447F91C1D4C16B600A70B42 /* Info.plist */,
				B447F90C1D4C16B600A70B42 /* Products */,
			);
			path = FinalProject;
			sourceTree = "<group>";
		};
/* End PBXGroup section */

/* Begin PBXNativeTarget section */
		B447F90A1D4C16B600A70B42 /* FinalProject */ = {
			isa = PBXNativeTarget;
			buildConfigurationList = B447F91F1D4C16B600A70B42 /* Build configuration list for PBXNativeTarget "FinalProject" */;
			buildPhases = (
				B447F9071D4C16B600A70B42 /* Sources */,
				B447F9081D4C16B600A70B42 /* Frameworks */,
				B447F9091D4C16B600A70B42 /* Resources */,
			);
			buildRules = (
			);
			dependencies = (
			);
			name = FinalProject;
			productName = FinalProject;
			productReference = B447F90B1D4C16B600A70B42 /* FinalProject.app */;
			productType = "com.apple.product-type.application";
		};
/* End PBXNativeTarget section */

/* Begin PBXProject section */
		B447F9031D4C16B600A70B42 /* Project object */ = {
			isa = PBXProject;
			attributes = {
				LastSwiftUpdateCheck = 0730;
				LastUpgradeCheck = 0730;
				ORGANIZATIONNAME = "Sam Brause";
				TargetAttributes = {
					B447F90A1D4C16B600A70B42 = {
						CreatedOnToolsVersion = 7.3.1;
						DevelopmentTeam = ZP3NDX86SJ;
					};
				};
			};
			buildConfigurationList = B447F9061D4C16B600A70B42 /* Build configuration list for PBXProject "FinalProject" */;
			compatibilityVersion = "Xcode 3.2";
			developmentRegion = English;
			hasScannedForEncodings = 0;
			knownRegions = (
				en,
				Base,
			);
			mainGroup = B447F9021D4C16B600A70B42;
			productRefGroup = B447F90C1D4C16B600A70B42 /* Products */;
			projectDirPath = "";
			projectRoot = "";
			targets = (
				B447F90A1D4C16B600A70B42 /* FinalProject */,
			);
		};
/* End PBXProject section */

/* Begin PBXResourcesBuildPhase section */
		B447F9091D4C16B600A70B42 /* Resources */ = {
			isa = PBXResourcesBuildPhase;
			buildActionMask = 2147483647;
			files = (
				B49E30C91D510F070070483F /* Main.storyboard in Resources */,
				B447F91B1D4C16B600A70B42 /* LaunchScreen.storyboard in Resources */,
				B447F9181D4C16B600A70B42 /* Assets.xcassets in Resources */,
			);
			runOnlyForDeploymentPostprocessing = 0;
		};
/* End PBXResourcesBuildPhase section */

/* Begin PBXSourcesBuildPhase section */
		B447F9071D4C16B600A70B42 /* Sources */ = {
			isa = PBXSourcesBuildPhase;
			buildActionMask = 2147483647;
			files = (
				B447F9131D4C16B600A70B42 /* SimulationViewController.swift in Sources */,
				B48AFAF01D4FE7BB00473AE3 /* ConfigurationViewController.swift in Sources */,
				B447F9251D4C215600A70B42 /* StatisticsViewController.swift in Sources */,
				B447F9231D4C20B000A70B42 /* Fetcher.swift in Sources */,
				B447F90F1D4C16B600A70B42 /* AppDelegate.swift in Sources */,
				B447F9271D4CF01D00A70B42 /* GridView.swift in Sources */,
				B447F92B1D4CF08D00A70B42 /* Engine.swift in Sources */,
				B447F92F1D4D109500A70B42 /* PongViewController.swift in Sources */,
				B48AFAF41D5012E200473AE3 /* ConfigurationEditorViewController.swift in Sources */,
				B447F9111D4C16B600A70B42 /* InstrumentationViewController.swift in Sources */,
				B48AFAF21D4FE8E200473AE3 /* EditViewController.swift in Sources */,
				B46A6CBF1D513EC6006C93F9 /* WebViewController.swift in Sources */,
				B447F9291D4CF07200A70B42 /* GridProtocol.swift in Sources */,
			);
			runOnlyForDeploymentPostprocessing = 0;
		};
/* End PBXSourcesBuildPhase section */

/* Begin PBXVariantGroup section */
		B447F9191D4C16B600A70B42 /* LaunchScreen.storyboard */ = {
			isa = PBXVariantGroup;
			children = (
				B447F91A1D4C16B600A70B42 /* Base */,
			);
			name = LaunchScreen.storyboard;
			sourceTree = "<group>";
		};
		B49E30C71D510F070070483F /* Main.storyboard */ = {
			isa = PBXVariantGroup;
			children = (
				B49E30C81D510F070070483F /* Base */,
			);
			name = Main.storyboard;
			sourceTree = "<group>";
		};
/* End PBXVariantGroup section */

/* Begin XCBuildConfiguration section */
		B447F91D1D4C16B600A70B42 /* Debug */ = {
			isa = XCBuildConfiguration;
			buildSettings = {
				ALWAYS_SEARCH_USER_PATHS = NO;
				CLANG_ANALYZER_NONNULL = YES;
				CLANG_CXX_LANGUAGE_STANDARD = "gnu++0x";
				CLANG_CXX_LIBRARY = "libc++";
				CLANG_ENABLE_MODULES = YES;
				CLANG_ENABLE_OBJC_ARC = YES;
				CLANG_WARN_BOOL_CONVERSION = YES;
				CLANG_WARN_CONSTANT_CONVERSION = YES;
				CLANG_WARN_DIRECT_OBJC_ISA_USAGE = YES_ERROR;
				CLANG_WARN_EMPTY_BODY = YES;
				CLANG_WARN_ENUM_CONVERSION = YES;
				CLANG_WARN_INT_CONVERSION = YES;
				CLANG_WARN_OBJC_ROOT_CLASS = YES_ERROR;
				CLANG_WARN_UNREACHABLE_CODE = YES;
				CLANG_WARN__DUPLICATE_METHOD_MATCH = YES;
				"CODE_SIGN_IDENTITY[sdk=iphoneos*]" = "iPhone Developer";
				COPY_PHASE_STRIP = NO;
				DEBUG_INFORMATION_FORMAT = dwarf;
				ENABLE_STRICT_OBJC_MSGSEND = YES;
				ENABLE_TESTABILITY = YES;
				GCC_C_LANGUAGE_STANDARD = gnu99;
				GCC_DYNAMIC_NO_PIC = NO;
				GCC_NO_COMMON_BLOCKS = YES;
				GCC_OPTIMIZATION_LEVEL = 0;
				GCC_PREPROCESSOR_DEFINITIONS = (
					"DEBUG=1",
					"$(inherited)",
				);
				GCC_WARN_64_TO_32_BIT_CONVERSION = YES;
				GCC_WARN_ABOUT_RETURN_TYPE = YES_ERROR;
				GCC_WARN_UNDECLARED_SELECTOR = YES;
				GCC_WARN_UNINITIALIZED_AUTOS = YES_AGGRESSIVE;
				GCC_WARN_UNUSED_FUNCTION = YES;
				GCC_WARN_UNUSED_VARIABLE = YES;
				IPHONEOS_DEPLOYMENT_TARGET = 9.3;
				MTL_ENABLE_DEBUG_INFO = YES;
				ONLY_ACTIVE_ARCH = YES;
				SDKROOT = iphoneos;
				SWIFT_OPTIMIZATION_LEVEL = "-Onone";
				TARGETED_DEVICE_FAMILY = "1,2";
			};
			name = Debug;
		};
		B447F91E1D4C16B600A70B42 /* Release */ = {
			isa = XCBuildConfiguration;
			buildSettings = {
				ALWAYS_SEARCH_USER_PATHS = NO;
				CLANG_ANALYZER_NONNULL = YES;
				CLANG_CXX_LANGUAGE_STANDARD = "gnu++0x";
				CLANG_CXX_LIBRARY = "libc++";
				CLANG_ENABLE_MODULES = YES;
				CLANG_ENABLE_OBJC_ARC = YES;
				CLANG_WARN_BOOL_CONVERSION = YES;
				CLANG_WARN_CONSTANT_CONVERSION = YES;
				CLANG_WARN_DIRECT_OBJC_ISA_USAGE = YES_ERROR;
				CLANG_WARN_EMPTY_BODY = YES;
				CLANG_WARN_ENUM_CONVERSION = YES;
				CLANG_WARN_INT_CONVERSION = YES;
				CLANG_WARN_OBJC_ROOT_CLASS = YES_ERROR;
				CLANG_WARN_UNREACHABLE_CODE = YES;
				CLANG_WARN__DUPLICATE_METHOD_MATCH = YES;
				"CODE_SIGN_IDENTITY[sdk=iphoneos*]" = "iPhone Developer";
				COPY_PHASE_STRIP = NO;
				DEBUG_INFORMATION_FORMAT = "dwarf-with-dsym";
				ENABLE_NS_ASSERTIONS = NO;
				ENABLE_STRICT_OBJC_MSGSEND = YES;
				GCC_C_LANGUAGE_STANDARD = gnu99;
				GCC_NO_COMMON_BLOCKS = YES;
				GCC_WARN_64_TO_32_BIT_CONVERSION = YES;
				GCC_WARN_ABOUT_RETURN_TYPE = YES_ERROR;
				GCC_WARN_UNDECLARED_SELECTOR = YES;
				GCC_WARN_UNINITIALIZED_AUTOS = YES_AGGRESSIVE;
				GCC_WARN_UNUSED_FUNCTION = YES;
				GCC_WARN_UNUSED_VARIABLE = YES;
				IPHONEOS_DEPLOYMENT_TARGET = 9.3;
				MTL_ENABLE_DEBUG_INFO = NO;
				SDKROOT = iphoneos;
				TARGETED_DEVICE_FAMILY = "1,2";
				VALIDATE_PRODUCT = YES;
			};
			name = Release;
		};
		B447F9201D4C16B600A70B42 /* Debug */ = {
			isa = XCBuildConfiguration;
			buildSettings = {
				ASSETCATALOG_COMPILER_APPICON_NAME = AppIcon;
				INFOPLIST_FILE = FinalProject/Info.plist;
				LD_RUNPATH_SEARCH_PATHS = "$(inherited) @executable_path/Frameworks";
				PRODUCT_BUNDLE_IDENTIFIER = Brause.FinalProject;
				PRODUCT_NAME = "$(TARGET_NAME)";
			};
			name = Debug;
		};
		B447F9211D4C16B600A70B42 /* Release */ = {
			isa = XCBuildConfiguration;
			buildSettings = {
				ASSETCATALOG_COMPILER_APPICON_NAME = AppIcon;
				INFOPLIST_FILE = FinalProject/Info.plist;
				LD_RUNPATH_SEARCH_PATHS = "$(inherited) @executable_path/Frameworks";
				PRODUCT_BUNDLE_IDENTIFIER = Brause.FinalProject;
				PRODUCT_NAME = "$(TARGET_NAME)";
			};
			name = Release;
		};
/* End XCBuildConfiguration section */

/* Begin XCConfigurationList section */
		B447F9061D4C16B600A70B42 /* Build configuration list for PBXProject "FinalProject" */ = {
			isa = XCConfigurationList;
			buildConfigurations = (
				B447F91D1D4C16B600A70B42 /* Debug */,
				B447F91E1D4C16B600A70B42 /* Release */,
			);
			defaultConfigurationIsVisible = 0;
			defaultConfigurationName = Release;
		};
		B447F91F1D4C16B600A70B42 /* Build configuration list for PBXNativeTarget "FinalProject" */ = {
			isa = XCConfigurationList;
			buildConfigurations = (
				B447F9201D4C16B600A70B42 /* Debug */,
				B447F9211D4C16B600A70B42 /* Release */,
			);
			defaultConfigurationIsVisible = 0;
			defaultConfigurationName = Release;
		};
/* End XCConfigurationList section */
	};
	rootObject = B447F9031D4C16B600A70B42 /* Project object */;
}
