// !$*UTF8*$!
{
	archiveVersion = 1;
	classes = {
	};
	objectVersion = 46;
	objects = {

/* Begin PBXBuildFile section */
		B4F546B31D1B402400BFC304 /* AppDelegate.swift in Sources */ = {isa = PBXBuildFile; fileRef = B4F546B21D1B402400BFC304 /* AppDelegate.swift */; };
		B4F546B51D1B402400BFC304 /* FirstViewController.swift in Sources */ = {isa = PBXBuildFile; fileRef = B4F546B41D1B402400BFC304 /* FirstViewController.swift */; };
		B4F546B71D1B402400BFC304 /* SecondViewController.swift in Sources */ = {isa = PBXBuildFile; fileRef = B4F546B61D1B402400BFC304 /* SecondViewController.swift */; };
		B4F546BA1D1B402400BFC304 /* Main.storyboard in Resources */ = {isa = PBXBuildFile; fileRef = B4F546B81D1B402400BFC304 /* Main.storyboard */; };
		B4F546BC1D1B402400BFC304 /* Assets.xcassets in Resources */ = {isa = PBXBuildFile; fileRef = B4F546BB1D1B402400BFC304 /* Assets.xcassets */; };
		B4F546BF1D1B402400BFC304 /* LaunchScreen.storyboard in Resources */ = {isa = PBXBuildFile; fileRef = B4F546BD1D1B402400BFC304 /* LaunchScreen.storyboard */; };
/* End PBXBuildFile section */

/* Begin PBXFileReference section */
		B4F546AF1D1B402400BFC304 /* Lesson2b.app */ = {isa = PBXFileReference; explicitFileType = wrapper.application; includeInIndex = 0; path = Lesson2b.app; sourceTree = BUILT_PRODUCTS_DIR; };
		B4F546B21D1B402400BFC304 /* AppDelegate.swift */ = {isa = PBXFileReference; lastKnownFileType = sourcecode.swift; path = AppDelegate.swift; sourceTree = "<group>"; };
		B4F546B41D1B402400BFC304 /* FirstViewController.swift */ = {isa = PBXFileReference; lastKnownFileType = sourcecode.swift; path = FirstViewController.swift; sourceTree = "<group>"; };
		B4F546B61D1B402400BFC304 /* SecondViewController.swift */ = {isa = PBXFileReference; lastKnownFileType = sourcecode.swift; path = SecondViewController.swift; sourceTree = "<group>"; };
		B4F546B91D1B402400BFC304 /* Base */ = {isa = PBXFileReference; lastKnownFileType = file.storyboard; name = Base; path = Base.lproj/Main.storyboard; sourceTree = "<group>"; };
		B4F546BB1D1B402400BFC304 /* Assets.xcassets */ = {isa = PBXFileReference; lastKnownFileType = folder.assetcatalog; path = Assets.xcassets; sourceTree = "<group>"; };
		B4F546BE1D1B402400BFC304 /* Base */ = {isa = PBXFileReference; lastKnownFileType = file.storyboard; name = Base; path = Base.lproj/LaunchScreen.storyboard; sourceTree = "<group>"; };
		B4F546C01D1B402400BFC304 /* Info.plist */ = {isa = PBXFileReference; lastKnownFileType = text.plist.xml; path = Info.plist; sourceTree = "<group>"; };
/* End PBXFileReference section */

/* Begin PBXFrameworksBuildPhase section */
		B4F546AC1D1B402400BFC304 /* Frameworks */ = {
			isa = PBXFrameworksBuildPhase;
			buildActionMask = 2147483647;
			files = (
			);
			runOnlyForDeploymentPostprocessing = 0;
		};
/* End PBXFrameworksBuildPhase section */

/* Begin PBXGroup section */
		B4F546A61D1B402400BFC304 = {
			isa = PBXGroup;
			children = (
				B4F546B11D1B402400BFC304 /* Lesson2b */,
				B4F546B01D1B402400BFC304 /* Products */,
			);
			sourceTree = "<group>";
		};
		B4F546B01D1B402400BFC304 /* Products */ = {
			isa = PBXGroup;
			children = (
				B4F546AF1D1B402400BFC304 /* Lesson2b.app */,
			);
			name = Products;
			sourceTree = "<group>";
		};
		B4F546B11D1B402400BFC304 /* Lesson2b */ = {
			isa = PBXGroup;
			children = (
				B4F546B21D1B402400BFC304 /* AppDelegate.swift */,
				B4F546B41D1B402400BFC304 /* FirstViewController.swift */,
				B4F546B61D1B402400BFC304 /* SecondViewController.swift */,
				B4F546B81D1B402400BFC304 /* Main.storyboard */,
				B4F546BB1D1B402400BFC304 /* Assets.xcassets */,
				B4F546BD1D1B402400BFC304 /* LaunchScreen.storyboard */,
				B4F546C01D1B402400BFC304 /* Info.plist */,
			);
			path = Lesson2b;
			sourceTree = "<group>";
		};
/* End PBXGroup section */

/* Begin PBXNativeTarget section */
		B4F546AE1D1B402400BFC304 /* Lesson2b */ = {
			isa = PBXNativeTarget;
			buildConfigurationList = B4F546C31D1B402400BFC304 /* Build configuration list for PBXNativeTarget "Lesson2b" */;
			buildPhases = (
				B4F546AB1D1B402400BFC304 /* Sources */,
				B4F546AC1D1B402400BFC304 /* Frameworks */,
				B4F546AD1D1B402400BFC304 /* Resources */,
			);
			buildRules = (
			);
			dependencies = (
			);
			name = Lesson2b;
			productName = Lesson2b;
			productReference = B4F546AF1D1B402400BFC304 /* Lesson2b.app */;
			productType = "com.apple.product-type.application";
		};
/* End PBXNativeTarget section */

/* Begin PBXProject section */
		B4F546A71D1B402400BFC304 /* Project object */ = {
			isa = PBXProject;
			attributes = {
				LastSwiftUpdateCheck = 0720;
				LastUpgradeCheck = 0720;
				ORGANIZATIONNAME = "Sam Brause";
				TargetAttributes = {
					B4F546AE1D1B402400BFC304 = {
						CreatedOnToolsVersion = 7.2.1;
						DevelopmentTeam = ZP3NDX86SJ;
					};
				};
			};
			buildConfigurationList = B4F546AA1D1B402400BFC304 /* Build configuration list for PBXProject "Lesson2b" */;
			compatibilityVersion = "Xcode 3.2";
			developmentRegion = English;
			hasScannedForEncodings = 0;
			knownRegions = (
				en,
				Base,
			);
			mainGroup = B4F546A61D1B402400BFC304;
			productRefGroup = B4F546B01D1B402400BFC304 /* Products */;
			projectDirPath = "";
			projectRoot = "";
			targets = (
				B4F546AE1D1B402400BFC304 /* Lesson2b */,
			);
		};
/* End PBXProject section */

/* Begin PBXResourcesBuildPhase section */
		B4F546AD1D1B402400BFC304 /* Resources */ = {
			isa = PBXResourcesBuildPhase;
			buildActionMask = 2147483647;
			files = (
				B4F546BF1D1B402400BFC304 /* LaunchScreen.storyboard in Resources */,
				B4F546BC1D1B402400BFC304 /* Assets.xcassets in Resources */,
				B4F546BA1D1B402400BFC304 /* Main.storyboard in Resources */,
			);
			runOnlyForDeploymentPostprocessing = 0;
		};
/* End PBXResourcesBuildPhase section */

/* Begin PBXSourcesBuildPhase section */
		B4F546AB1D1B402400BFC304 /* Sources */ = {
			isa = PBXSourcesBuildPhase;
			buildActionMask = 2147483647;
			files = (
				B4F546B71D1B402400BFC304 /* SecondViewController.swift in Sources */,
				B4F546B31D1B402400BFC304 /* AppDelegate.swift in Sources */,
				B4F546B51D1B402400BFC304 /* FirstViewController.swift in Sources */,
			);
			runOnlyForDeploymentPostprocessing = 0;
		};
/* End PBXSourcesBuildPhase section */

/* Begin PBXVariantGroup section */
		B4F546B81D1B402400BFC304 /* Main.storyboard */ = {
			isa = PBXVariantGroup;
			children = (
				B4F546B91D1B402400BFC304 /* Base */,
			);
			name = Main.storyboard;
			sourceTree = "<group>";
		};
		B4F546BD1D1B402400BFC304 /* LaunchScreen.storyboard */ = {
			isa = PBXVariantGroup;
			children = (
				B4F546BE1D1B402400BFC304 /* Base */,
			);
			name = LaunchScreen.storyboard;
			sourceTree = "<group>";
		};
/* End PBXVariantGroup section */

/* Begin XCBuildConfiguration section */
		B4F546C11D1B402400BFC304 /* Debug */ = {
			isa = XCBuildConfiguration;
			buildSettings = {
				ALWAYS_SEARCH_USER_PATHS = NO;
				CLANG_CXX_LANGUAGE_STANDARD = "gnu++0x";
				CLANG_CXX_LIBRARY = "libc++";
				CLANG_ENABLE_MODULES = YES;
				CLANG_ENABLE_OBJC_ARC = YES;
				CLANG_WARN_BOOL_CONVERSION = YES;
				CLANG_WARN_CONSTANT_CONVERSION = YES;
				CLANG_WARN_DIRECT_OBJC_ISA_USAGE = YES_ERROR;
				CLANG_WARN_EMPTY_BODY = YES;
				CLANG_WARN_ENUM_CONVERSION = YES;
				CLANG_WARN_INT_CONVERSION = YES;
				CLANG_WARN_OBJC_ROOT_CLASS = YES_ERROR;
				CLANG_WARN_UNREACHABLE_CODE = YES;
				CLANG_WARN__DUPLICATE_METHOD_MATCH = YES;
				"CODE_SIGN_IDENTITY[sdk=iphoneos*]" = "iPhone Developer";
				COPY_PHASE_STRIP = NO;
				DEBUG_INFORMATION_FORMAT = dwarf;
				ENABLE_STRICT_OBJC_MSGSEND = YES;
				ENABLE_TESTABILITY = YES;
				GCC_C_LANGUAGE_STANDARD = gnu99;
				GCC_DYNAMIC_NO_PIC = NO;
				GCC_NO_COMMON_BLOCKS = YES;
				GCC_OPTIMIZATION_LEVEL = 0;
				GCC_PREPROCESSOR_DEFINITIONS = (
					"DEBUG=1",
					"$(inherited)",
				);
				GCC_WARN_64_TO_32_BIT_CONVERSION = YES;
				GCC_WARN_ABOUT_RETURN_TYPE = YES_ERROR;
				GCC_WARN_UNDECLARED_SELECTOR = YES;
				GCC_WARN_UNINITIALIZED_AUTOS = YES_AGGRESSIVE;
				GCC_WARN_UNUSED_FUNCTION = YES;
				GCC_WARN_UNUSED_VARIABLE = YES;
				IPHONEOS_DEPLOYMENT_TARGET = 9.2;
				MTL_ENABLE_DEBUG_INFO = YES;
				ONLY_ACTIVE_ARCH = YES;
				SDKROOT = iphoneos;
				SWIFT_OPTIMIZATION_LEVEL = "-Onone";
				TARGETED_DEVICE_FAMILY = "1,2";
			};
			name = Debug;
		};
		B4F546C21D1B402400BFC304 /* Release */ = {
			isa = XCBuildConfiguration;
			buildSettings = {
				ALWAYS_SEARCH_USER_PATHS = NO;
				CLANG_CXX_LANGUAGE_STANDARD = "gnu++0x";
				CLANG_CXX_LIBRARY = "libc++";
				CLANG_ENABLE_MODULES = YES;
				CLANG_ENABLE_OBJC_ARC = YES;
				CLANG_WARN_BOOL_CONVERSION = YES;
				CLANG_WARN_CONSTANT_CONVERSION = YES;
				CLANG_WARN_DIRECT_OBJC_ISA_USAGE = YES_ERROR;
				CLANG_WARN_EMPTY_BODY = YES;
				CLANG_WARN_ENUM_CONVERSION = YES;
				CLANG_WARN_INT_CONVERSION = YES;
				CLANG_WARN_OBJC_ROOT_CLASS = YES_ERROR;
				CLANG_WARN_UNREACHABLE_CODE = YES;
				CLANG_WARN__DUPLICATE_METHOD_MATCH = YES;
				"CODE_SIGN_IDENTITY[sdk=iphoneos*]" = "iPhone Developer";
				COPY_PHASE_STRIP = NO;
				DEBUG_INFORMATION_FORMAT = "dwarf-with-dsym";
				ENABLE_NS_ASSERTIONS = NO;
				ENABLE_STRICT_OBJC_MSGSEND = YES;
				GCC_C_LANGUAGE_STANDARD = gnu99;
				GCC_NO_COMMON_BLOCKS = YES;
				GCC_WARN_64_TO_32_BIT_CONVERSION = YES;
				GCC_WARN_ABOUT_RETURN_TYPE = YES_ERROR;
				GCC_WARN_UNDECLARED_SELECTOR = YES;
				GCC_WARN_UNINITIALIZED_AUTOS = YES_AGGRESSIVE;
				GCC_WARN_UNUSED_FUNCTION = YES;
				GCC_WARN_UNUSED_VARIABLE = YES;
				IPHONEOS_DEPLOYMENT_TARGET = 9.2;
				MTL_ENABLE_DEBUG_INFO = NO;
				SDKROOT = iphoneos;
				TARGETED_DEVICE_FAMILY = "1,2";
				VALIDATE_PRODUCT = YES;
			};
			name = Release;
		};
		B4F546C41D1B402400BFC304 /* Debug */ = {
			isa = XCBuildConfiguration;
			buildSettings = {
				ASSETCATALOG_COMPILER_APPICON_NAME = AppIcon;
				INFOPLIST_FILE = Lesson2b/Info.plist;
				LD_RUNPATH_SEARCH_PATHS = "$(inherited) @executable_path/Frameworks";
				PRODUCT_BUNDLE_IDENTIFIER = test.Lesson2b;
				PRODUCT_NAME = "$(TARGET_NAME)";
			};
			name = Debug;
		};
		B4F546C51D1B402400BFC304 /* Release */ = {
			isa = XCBuildConfiguration;
			buildSettings = {
				ASSETCATALOG_COMPILER_APPICON_NAME = AppIcon;
				INFOPLIST_FILE = Lesson2b/Info.plist;
				LD_RUNPATH_SEARCH_PATHS = "$(inherited) @executable_path/Frameworks";
				PRODUCT_BUNDLE_IDENTIFIER = test.Lesson2b;
				PRODUCT_NAME = "$(TARGET_NAME)";
			};
			name = Release;
		};
/* End XCBuildConfiguration section */

/* Begin XCConfigurationList section */
		B4F546AA1D1B402400BFC304 /* Build configuration list for PBXProject "Lesson2b" */ = {
			isa = XCConfigurationList;
			buildConfigurations = (
				B4F546C11D1B402400BFC304 /* Debug */,
				B4F546C21D1B402400BFC304 /* Release */,
			);
			defaultConfigurationIsVisible = 0;
			defaultConfigurationName = Release;
		};
		B4F546C31D1B402400BFC304 /* Build configuration list for PBXNativeTarget "Lesson2b" */ = {
			isa = XCConfigurationList;
			buildConfigurations = (
				B4F546C41D1B402400BFC304 /* Debug */,
				B4F546C51D1B402400BFC304 /* Release */,
			);
			defaultConfigurationIsVisible = 0;
		};
/* End XCConfigurationList section */
	};
	rootObject = B4F546A71D1B402400BFC304 /* Project object */;
}
