// !$*UTF8*$!
{
	archiveVersion = 1;
	classes = {
	};
	objectVersion = 46;
	objects = {

/* Begin PBXBuildFile section */
		B44B80DD1D18C830006213FC /* AppDelegate.swift in Sources */ = {isa = PBXBuildFile; fileRef = B44B80DC1D18C830006213FC /* AppDelegate.swift */; };
		B44B80DF1D18C830006213FC /* ViewController.swift in Sources */ = {isa = PBXBuildFile; fileRef = B44B80DE1D18C830006213FC /* ViewController.swift */; };
		B44B80E21D18C830006213FC /* Main.storyboard in Resources */ = {isa = PBXBuildFile; fileRef = B44B80E01D18C830006213FC /* Main.storyboard */; };
		B44B80E41D18C830006213FC /* Assets.xcassets in Resources */ = {isa = PBXBuildFile; fileRef = B44B80E31D18C830006213FC /* Assets.xcassets */; };
		B44B80E71D18C830006213FC /* LaunchScreen.storyboard in Resources */ = {isa = PBXBuildFile; fileRef = B44B80E51D18C830006213FC /* LaunchScreen.storyboard */; };
/* End PBXBuildFile section */

/* Begin PBXFileReference section */
		B44B80D91D18C830006213FC /* LESSONone.app */ = {isa = PBXFileReference; explicitFileType = wrapper.application; includeInIndex = 0; path = LESSONone.app; sourceTree = BUILT_PRODUCTS_DIR; };
		B44B80DC1D18C830006213FC /* AppDelegate.swift */ = {isa = PBXFileReference; lastKnownFileType = sourcecode.swift; path = AppDelegate.swift; sourceTree = "<group>"; };
		B44B80DE1D18C830006213FC /* ViewController.swift */ = {isa = PBXFileReference; lastKnownFileType = sourcecode.swift; path = ViewController.swift; sourceTree = "<group>"; };
		B44B80E11D18C830006213FC /* Base */ = {isa = PBXFileReference; lastKnownFileType = file.storyboard; name = Base; path = Base.lproj/Main.storyboard; sourceTree = "<group>"; };
		B44B80E31D18C830006213FC /* Assets.xcassets */ = {isa = PBXFileReference; lastKnownFileType = folder.assetcatalog; path = Assets.xcassets; sourceTree = "<group>"; };
		B44B80E61D18C830006213FC /* Base */ = {isa = PBXFileReference; lastKnownFileType = file.storyboard; name = Base; path = Base.lproj/LaunchScreen.storyboard; sourceTree = "<group>"; };
		B44B80E81D18C830006213FC /* Info.plist */ = {isa = PBXFileReference; lastKnownFileType = text.plist.xml; path = Info.plist; sourceTree = "<group>"; };
/* End PBXFileReference section */

/* Begin PBXFrameworksBuildPhase section */
		B44B80D61D18C830006213FC /* Frameworks */ = {
			isa = PBXFrameworksBuildPhase;
			buildActionMask = 2147483647;
			files = (
			);
			runOnlyForDeploymentPostprocessing = 0;
		};
/* End PBXFrameworksBuildPhase section */

/* Begin PBXGroup section */
		B44B80D01D18C830006213FC = {
			isa = PBXGroup;
			children = (
				B44B80DB1D18C830006213FC /* LESSONone */,
				B44B80DA1D18C830006213FC /* Products */,
			);
			sourceTree = "<group>";
		};
		B44B80DA1D18C830006213FC /* Products */ = {
			isa = PBXGroup;
			children = (
				B44B80D91D18C830006213FC /* LESSONone.app */,
			);
			name = Products;
			sourceTree = "<group>";
		};
		B44B80DB1D18C830006213FC /* LESSONone */ = {
			isa = PBXGroup;
			children = (
				B44B80DC1D18C830006213FC /* AppDelegate.swift */,
				B44B80DE1D18C830006213FC /* ViewController.swift */,
				B44B80E01D18C830006213FC /* Main.storyboard */,
				B44B80E31D18C830006213FC /* Assets.xcassets */,
				B44B80E51D18C830006213FC /* LaunchScreen.storyboard */,
				B44B80E81D18C830006213FC /* Info.plist */,
			);
			path = LESSONone;
			sourceTree = "<group>";
		};
/* End PBXGroup section */

/* Begin PBXNativeTarget section */
		B44B80D81D18C830006213FC /* LESSONone */ = {
			isa = PBXNativeTarget;
			buildConfigurationList = B44B80EB1D18C830006213FC /* Build configuration list for PBXNativeTarget "LESSONone" */;
			buildPhases = (
				B44B80D51D18C830006213FC /* Sources */,
				B44B80D61D18C830006213FC /* Frameworks */,
				B44B80D71D18C830006213FC /* Resources */,
			);
			buildRules = (
			);
			dependencies = (
			);
			name = LESSONone;
			productName = LESSONone;
			productReference = B44B80D91D18C830006213FC /* LESSONone.app */;
			productType = "com.apple.product-type.application";
		};
/* End PBXNativeTarget section */

/* Begin PBXProject section */
		B44B80D11D18C830006213FC /* Project object */ = {
			isa = PBXProject;
			attributes = {
				LastSwiftUpdateCheck = 0720;
				LastUpgradeCheck = 0720;
				ORGANIZATIONNAME = "Sam Brause";
				TargetAttributes = {
					B44B80D81D18C830006213FC = {
						CreatedOnToolsVersion = 7.2.1;
						DevelopmentTeam = ZP3NDX86SJ;
					};
				};
			};
			buildConfigurationList = B44B80D41D18C830006213FC /* Build configuration list for PBXProject "LESSONone" */;
			compatibilityVersion = "Xcode 3.2";
			developmentRegion = English;
			hasScannedForEncodings = 0;
			knownRegions = (
				en,
				Base,
			);
			mainGroup = B44B80D01D18C830006213FC;
			productRefGroup = B44B80DA1D18C830006213FC /* Products */;
			projectDirPath = "";
			projectRoot = "";
			targets = (
				B44B80D81D18C830006213FC /* LESSONone */,
			);
		};
/* End PBXProject section */

/* Begin PBXResourcesBuildPhase section */
		B44B80D71D18C830006213FC /* Resources */ = {
			isa = PBXResourcesBuildPhase;
			buildActionMask = 2147483647;
			files = (
				B44B80E71D18C830006213FC /* LaunchScreen.storyboard in Resources */,
				B44B80E41D18C830006213FC /* Assets.xcassets in Resources */,
				B44B80E21D18C830006213FC /* Main.storyboard in Resources */,
			);
			runOnlyForDeploymentPostprocessing = 0;
		};
/* End PBXResourcesBuildPhase section */

/* Begin PBXSourcesBuildPhase section */
		B44B80D51D18C830006213FC /* Sources */ = {
			isa = PBXSourcesBuildPhase;
			buildActionMask = 2147483647;
			files = (
				B44B80DF1D18C830006213FC /* ViewController.swift in Sources */,
				B44B80DD1D18C830006213FC /* AppDelegate.swift in Sources */,
			);
			runOnlyForDeploymentPostprocessing = 0;
		};
/* End PBXSourcesBuildPhase section */

/* Begin PBXVariantGroup section */
		B44B80E01D18C830006213FC /* Main.storyboard */ = {
			isa = PBXVariantGroup;
			children = (
				B44B80E11D18C830006213FC /* Base */,
			);
			name = Main.storyboard;
			sourceTree = "<group>";
		};
		B44B80E51D18C830006213FC /* LaunchScreen.storyboard */ = {
			isa = PBXVariantGroup;
			children = (
				B44B80E61D18C830006213FC /* Base */,
			);
			name = LaunchScreen.storyboard;
			sourceTree = "<group>";
		};
/* End PBXVariantGroup section */

/* Begin XCBuildConfiguration section */
		B44B80E91D18C830006213FC /* Debug */ = {
			isa = XCBuildConfiguration;
			buildSettings = {
				ALWAYS_SEARCH_USER_PATHS = NO;
				CLANG_CXX_LANGUAGE_STANDARD = "gnu++0x";
				CLANG_CXX_LIBRARY = "libc++";
				CLANG_ENABLE_MODULES = YES;
				CLANG_ENABLE_OBJC_ARC = YES;
				CLANG_WARN_BOOL_CONVERSION = YES;
				CLANG_WARN_CONSTANT_CONVERSION = YES;
				CLANG_WARN_DIRECT_OBJC_ISA_USAGE = YES_ERROR;
				CLANG_WARN_EMPTY_BODY = YES;
				CLANG_WARN_ENUM_CONVERSION = YES;
				CLANG_WARN_INT_CONVERSION = YES;
				CLANG_WARN_OBJC_ROOT_CLASS = YES_ERROR;
				CLANG_WARN_UNREACHABLE_CODE = YES;
				CLANG_WARN__DUPLICATE_METHOD_MATCH = YES;
				"CODE_SIGN_IDENTITY[sdk=iphoneos*]" = "iPhone Developer";
				COPY_PHASE_STRIP = NO;
				DEBUG_INFORMATION_FORMAT = dwarf;
				ENABLE_STRICT_OBJC_MSGSEND = YES;
				ENABLE_TESTABILITY = YES;
				GCC_C_LANGUAGE_STANDARD = gnu99;
				GCC_DYNAMIC_NO_PIC = NO;
				GCC_NO_COMMON_BLOCKS = YES;
				GCC_OPTIMIZATION_LEVEL = 0;
				GCC_PREPROCESSOR_DEFINITIONS = (
					"DEBUG=1",
					"$(inherited)",
				);
				GCC_WARN_64_TO_32_BIT_CONVERSION = YES;
				GCC_WARN_ABOUT_RETURN_TYPE = YES_ERROR;
				GCC_WARN_UNDECLARED_SELECTOR = YES;
				GCC_WARN_UNINITIALIZED_AUTOS = YES_AGGRESSIVE;
				GCC_WARN_UNUSED_FUNCTION = YES;
				GCC_WARN_UNUSED_VARIABLE = YES;
				IPHONEOS_DEPLOYMENT_TARGET = 9.2;
				MTL_ENABLE_DEBUG_INFO = YES;
				ONLY_ACTIVE_ARCH = YES;
				SDKROOT = iphoneos;
				SWIFT_OPTIMIZATION_LEVEL = "-Onone";
				TARGETED_DEVICE_FAMILY = "1,2";
			};
			name = Debug;
		};
		B44B80EA1D18C830006213FC /* Release */ = {
			isa = XCBuildConfiguration;
			buildSettings = {
				ALWAYS_SEARCH_USER_PATHS = NO;
				CLANG_CXX_LANGUAGE_STANDARD = "gnu++0x";
				CLANG_CXX_LIBRARY = "libc++";
				CLANG_ENABLE_MODULES = YES;
				CLANG_ENABLE_OBJC_ARC = YES;
				CLANG_WARN_BOOL_CONVERSION = YES;
				CLANG_WARN_CONSTANT_CONVERSION = YES;
				CLANG_WARN_DIRECT_OBJC_ISA_USAGE = YES_ERROR;
				CLANG_WARN_EMPTY_BODY = YES;
				CLANG_WARN_ENUM_CONVERSION = YES;
				CLANG_WARN_INT_CONVERSION = YES;
				CLANG_WARN_OBJC_ROOT_CLASS = YES_ERROR;
				CLANG_WARN_UNREACHABLE_CODE = YES;
				CLANG_WARN__DUPLICATE_METHOD_MATCH = YES;
				"CODE_SIGN_IDENTITY[sdk=iphoneos*]" = "iPhone Developer";
				COPY_PHASE_STRIP = NO;
				DEBUG_INFORMATION_FORMAT = "dwarf-with-dsym";
				ENABLE_NS_ASSERTIONS = NO;
				ENABLE_STRICT_OBJC_MSGSEND = YES;
				GCC_C_LANGUAGE_STANDARD = gnu99;
				GCC_NO_COMMON_BLOCKS = YES;
				GCC_WARN_64_TO_32_BIT_CONVERSION = YES;
				GCC_WARN_ABOUT_RETURN_TYPE = YES_ERROR;
				GCC_WARN_UNDECLARED_SELECTOR = YES;
				GCC_WARN_UNINITIALIZED_AUTOS = YES_AGGRESSIVE;
				GCC_WARN_UNUSED_FUNCTION = YES;
				GCC_WARN_UNUSED_VARIABLE = YES;
				IPHONEOS_DEPLOYMENT_TARGET = 9.2;
				MTL_ENABLE_DEBUG_INFO = NO;
				SDKROOT = iphoneos;
				TARGETED_DEVICE_FAMILY = "1,2";
				VALIDATE_PRODUCT = YES;
			};
			name = Release;
		};
		B44B80EC1D18C830006213FC /* Debug */ = {
			isa = XCBuildConfiguration;
			buildSettings = {
				ASSETCATALOG_COMPILER_APPICON_NAME = AppIcon;
				INFOPLIST_FILE = LESSONone/Info.plist;
				LD_RUNPATH_SEARCH_PATHS = "$(inherited) @executable_path/Frameworks";
				PRODUCT_BUNDLE_IDENTIFIER = test.LESSONone;
				PRODUCT_NAME = "$(TARGET_NAME)";
			};
			name = Debug;
		};
		B44B80ED1D18C830006213FC /* Release */ = {
			isa = XCBuildConfiguration;
			buildSettings = {
				ASSETCATALOG_COMPILER_APPICON_NAME = AppIcon;
				INFOPLIST_FILE = LESSONone/Info.plist;
				LD_RUNPATH_SEARCH_PATHS = "$(inherited) @executable_path/Frameworks";
				PRODUCT_BUNDLE_IDENTIFIER = test.LESSONone;
				PRODUCT_NAME = "$(TARGET_NAME)";
			};
			name = Release;
		};
/* End XCBuildConfiguration section */

/* Begin XCConfigurationList section */
		B44B80D41D18C830006213FC /* Build configuration list for PBXProject "LESSONone" */ = {
			isa = XCConfigurationList;
			buildConfigurations = (
				B44B80E91D18C830006213FC /* Debug */,
				B44B80EA1D18C830006213FC /* Release */,
			);
			defaultConfigurationIsVisible = 0;
			defaultConfigurationName = Release;
		};
		B44B80EB1D18C830006213FC /* Build configuration list for PBXNativeTarget "LESSONone" */ = {
			isa = XCConfigurationList;
			buildConfigurations = (
				B44B80EC1D18C830006213FC /* Debug */,
				B44B80ED1D18C830006213FC /* Release */,
			);
			defaultConfigurationIsVisible = 0;
		};
/* End XCConfigurationList section */
	};
	rootObject = B44B80D11D18C830006213FC /* Project object */;
}
